
Microsoft Visual Studio Solution File, Format Version 12.00
# Visual Studio Version 17
VisualStudioVersion = 17.5.33516.290
MinimumVisualStudioVersion = 10.0.40219.1
Project("{FAE04EC0-301F-11D3-BF4B-00C04F79EFBC}") = "bookstore", "bookstore\bookstore.csproj", "{615DA2AB-B083-4BBE-9637-8F7356F9D966}"
EndProject
Global
	GlobalSection(SolutionConfigurationPlatforms) = preSolution
		Debug|Any CPU = Debug|Any CPU
		Release|Any CPU = Release|Any CPU
	EndGlobalSection
	GlobalSection(ProjectConfigurationPlatforms) = postSolution
		{615DA2AB-B083-4BBE-9637-8F7356F9D966}.Debug|Any CPU.ActiveCfg = Debug|Any CPU
		{615DA2AB-B083-4BBE-9637-8F7356F9D966}.Debug|Any CPU.Build.0 = Debug|Any CPU
		{615DA2AB-B083-4BBE-9637-8F7356F9D966}.Release|Any CPU.ActiveCfg = Release|Any CPU
		{615DA2AB-B083-4BBE-9637-8F7356F9D966}.Release|Any CPU.Build.0 = Release|Any CPU
	EndGlobalSection
	GlobalSection(SolutionProperties) = preSolution
		HideSolutionNode = FALSE
	EndGlobalSection
	GlobalSection(ExtensibilityGlobals) = postSolution
		SolutionGuid = {62823ED3-088C-4695-BCB0-8F20EB7A4BD5}
	EndGlobalSection
EndGlobal
